
Microsoft Visual Studio Solution File, Format Version 12.00
# Visual Studio Version 17
VisualStudioVersion = 17.9.34728.123
MinimumVisualStudioVersion = 10.0.40219.1
Project("{FAE04EC0-301F-11D3-BF4B-00C04F79EFBC}") = "SimpleProject", "SimpleProject\SimpleProject.csproj", "{ACDA816E-DCA4-4616-B45D-7060FCAC5AA8}"
EndProject
Global
	GlobalSection(SolutionConfigurationPlatforms) = preSolution
		Debug|Any CPU = Debug|Any CPU
		Release|Any CPU = Release|Any CPU
	EndGlobalSection
	GlobalSection(ProjectConfigurationPlatforms) = postSolution
		{ACDA816E-DCA4-4616-B45D-7060FCAC5AA8}.Debug|Any CPU.ActiveCfg = Debug|Any CPU
		{ACDA816E-DCA4-4616-B45D-7060FCAC5AA8}.Debug|Any CPU.Build.0 = Debug|Any CPU
		{ACDA816E-DCA4-4616-B45D-7060FCAC5AA8}.Release|Any CPU.ActiveCfg = Release|Any CPU
		{ACDA816E-DCA4-4616-B45D-7060FCAC5AA8}.Release|Any CPU.Build.0 = Release|Any CPU
	EndGlobalSection
	GlobalSection(SolutionProperties) = preSolution
		HideSolutionNode = FALSE
	EndGlobalSection
	GlobalSection(ExtensibilityGlobals) = postSolution
		SolutionGuid = {415153B0-10D5-4FD2-B074-57CD7E20913C}
	EndGlobalSection
EndGlobal
